// !$*UTF8*$!
{
	archiveVersion = 1;
	classes = {
	};
	objectVersion = 56;
	objects = {

/* Begin PBXBuildFile section */
		DC2A1D12294CAC1200496E3C /* AppDelegate.swift in Sources */ = {isa = PBXBuildFile; fileRef = DC2A1D11294CAC1200496E3C /* AppDelegate.swift */; };
		DC2A1D14294CAC1200496E3C /* SceneDelegate.swift in Sources */ = {isa = PBXBuildFile; fileRef = DC2A1D13294CAC1200496E3C /* SceneDelegate.swift */; };
		DC2A1D16294CAC1200496E3C /* ViewController.swift in Sources */ = {isa = PBXBuildFile; fileRef = DC2A1D15294CAC1200496E3C /* ViewController.swift */; };
		DC2A1D19294CAC1200496E3C /* Main.storyboard in Resources */ = {isa = PBXBuildFile; fileRef = DC2A1D17294CAC1200496E3C /* Main.storyboard */; };
		DC2A1D1C294CAC1200496E3C /* PodcastApp.xcdatamodeld in Sources */ = {isa = PBXBuildFile; fileRef = DC2A1D1A294CAC1200496E3C /* PodcastApp.xcdatamodeld */; };
		DC2A1D1E294CAC1400496E3C /* Assets.xcassets in Resources */ = {isa = PBXBuildFile; fileRef = DC2A1D1D294CAC1400496E3C /* Assets.xcassets */; };
		DC2A1D21294CAC1400496E3C /* LaunchScreen.storyboard in Resources */ = {isa = PBXBuildFile; fileRef = DC2A1D1F294CAC1400496E3C /* LaunchScreen.storyboard */; };
		DC8D00532950CCA200101882 /* Auth.storyboard in Resources */ = {isa = PBXBuildFile; fileRef = DC8D00522950CCA200101882 /* Auth.storyboard */; };
		DCBBD7DD294CAE97006B435D /* LoginViewController.swift in Sources */ = {isa = PBXBuildFile; fileRef = DCBBD7DC294CAE97006B435D /* LoginViewController.swift */; };
/* End PBXBuildFile section */

/* Begin PBXFileReference section */
		DC2A1D0E294CAC1200496E3C /* PodcastApp.app */ = {isa = PBXFileReference; explicitFileType = wrapper.application; includeInIndex = 0; path = PodcastApp.app; sourceTree = BUILT_PRODUCTS_DIR; };
		DC2A1D11294CAC1200496E3C /* AppDelegate.swift */ = {isa = PBXFileReference; lastKnownFileType = sourcecode.swift; path = AppDelegate.swift; sourceTree = "<group>"; };
		DC2A1D13294CAC1200496E3C /* SceneDelegate.swift */ = {isa = PBXFileReference; lastKnownFileType = sourcecode.swift; path = SceneDelegate.swift; sourceTree = "<group>"; };
		DC2A1D15294CAC1200496E3C /* ViewController.swift */ = {isa = PBXFileReference; lastKnownFileType = sourcecode.swift; path = ViewController.swift; sourceTree = "<group>"; };
		DC2A1D18294CAC1200496E3C /* Base */ = {isa = PBXFileReference; lastKnownFileType = file.storyboard; name = Base; path = Base.lproj/Main.storyboard; sourceTree = "<group>"; };
		DC2A1D1B294CAC1200496E3C /* PodcastApp.xcdatamodel */ = {isa = PBXFileReference; lastKnownFileType = wrapper.xcdatamodel; path = PodcastApp.xcdatamodel; sourceTree = "<group>"; };
		DC2A1D1D294CAC1400496E3C /* Assets.xcassets */ = {isa = PBXFileReference; lastKnownFileType = folder.assetcatalog; path = Assets.xcassets; sourceTree = "<group>"; };
		DC2A1D20294CAC1400496E3C /* Base */ = {isa = PBXFileReference; lastKnownFileType = file.storyboard; name = Base; path = Base.lproj/LaunchScreen.storyboard; sourceTree = "<group>"; };
		DC2A1D22294CAC1400496E3C /* Info.plist */ = {isa = PBXFileReference; lastKnownFileType = text.plist.xml; path = Info.plist; sourceTree = "<group>"; };
		DC8D00522950CCA200101882 /* Auth.storyboard */ = {isa = PBXFileReference; lastKnownFileType = file.storyboard; path = Auth.storyboard; sourceTree = "<group>"; };
		DCBBD7DC294CAE97006B435D /* LoginViewController.swift */ = {isa = PBXFileReference; lastKnownFileType = sourcecode.swift; path = LoginViewController.swift; sourceTree = "<group>"; };
/* End PBXFileReference section */

/* Begin PBXFrameworksBuildPhase section */
		DC2A1D0B294CAC1200496E3C /* Frameworks */ = {
			isa = PBXFrameworksBuildPhase;
			buildActionMask = 2147483647;
			files = (
			);
			runOnlyForDeploymentPostprocessing = 0;
		};
/* End PBXFrameworksBuildPhase section */

/* Begin PBXGroup section */
		DC2A1D05294CAC1200496E3C = {
			isa = PBXGroup;
			children = (
				DC2A1D10294CAC1200496E3C /* PodcastApp */,
				DC2A1D0F294CAC1200496E3C /* Products */,
			);
			sourceTree = "<group>";
		};
		DC2A1D0F294CAC1200496E3C /* Products */ = {
			isa = PBXGroup;
			children = (
				DC2A1D0E294CAC1200496E3C /* PodcastApp.app */,
			);
			name = Products;
			sourceTree = "<group>";
		};
		DC2A1D10294CAC1200496E3C /* PodcastApp */ = {
			isa = PBXGroup;
			children = (
				DC2A1D28294CAC2100496E3C /* Modules */,
				DC2A1D11294CAC1200496E3C /* AppDelegate.swift */,
				DC2A1D13294CAC1200496E3C /* SceneDelegate.swift */,
				DC2A1D1D294CAC1400496E3C /* Assets.xcassets */,
				DC2A1D1F294CAC1400496E3C /* LaunchScreen.storyboard */,
				DC2A1D22294CAC1400496E3C /* Info.plist */,
				DC2A1D1A294CAC1200496E3C /* PodcastApp.xcdatamodeld */,
			);
			path = PodcastApp;
			sourceTree = "<group>";
		};
		DC2A1D28294CAC2100496E3C /* Modules */ = {
			isa = PBXGroup;
			children = (
				DCBBD7DE294CAEFF006B435D /* Main */,
				DC2A1D29294CAC2C00496E3C /* Auth */,
			);
			path = Modules;
			sourceTree = "<group>";
		};
		DC2A1D29294CAC2C00496E3C /* Auth */ = {
			isa = PBXGroup;
			children = (
				DCBBD7DC294CAE97006B435D /* LoginViewController.swift */,
				DC8D00522950CCA200101882 /* Auth.storyboard */,
			);
			path = Auth;
			sourceTree = "<group>";
		};
		DCBBD7DE294CAEFF006B435D /* Main */ = {
			isa = PBXGroup;
			children = (
				DC2A1D15294CAC1200496E3C /* ViewController.swift */,
				DC2A1D17294CAC1200496E3C /* Main.storyboard */,
			);
			path = Main;
			sourceTree = "<group>";
		};
/* End PBXGroup section */

/* Begin PBXNativeTarget section */
		DC2A1D0D294CAC1200496E3C /* PodcastApp */ = {
			isa = PBXNativeTarget;
			buildConfigurationList = DC2A1D25294CAC1400496E3C /* Build configuration list for PBXNativeTarget "PodcastApp" */;
			buildPhases = (
				DC2A1D0A294CAC1200496E3C /* Sources */,
				DC2A1D0B294CAC1200496E3C /* Frameworks */,
				DC2A1D0C294CAC1200496E3C /* Resources */,
			);
			buildRules = (
			);
			dependencies = (
			);
			name = PodcastApp;
			productName = PodcastApp;
			productReference = DC2A1D0E294CAC1200496E3C /* PodcastApp.app */;
			productType = "com.apple.product-type.application";
		};
/* End PBXNativeTarget section */

/* Begin PBXProject section */
		DC2A1D06294CAC1200496E3C /* Project object */ = {
			isa = PBXProject;
			attributes = {
				BuildIndependentTargetsInParallel = 1;
				LastSwiftUpdateCheck = 1420;
				LastUpgradeCheck = 1420;
				TargetAttributes = {
					DC2A1D0D294CAC1200496E3C = {
						CreatedOnToolsVersion = 14.2;
					};
				};
			};
			buildConfigurationList = DC2A1D09294CAC1200496E3C /* Build configuration list for PBXProject "PodcastApp" */;
			compatibilityVersion = "Xcode 14.0";
			developmentRegion = en;
			hasScannedForEncodings = 0;
			knownRegions = (
				en,
				Base,
			);
			mainGroup = DC2A1D05294CAC1200496E3C;
			productRefGroup = DC2A1D0F294CAC1200496E3C /* Products */;
			projectDirPath = "";
			projectRoot = "";
			targets = (
				DC2A1D0D294CAC1200496E3C /* PodcastApp */,
			);
		};
/* End PBXProject section */

/* Begin PBXResourcesBuildPhase section */
		DC2A1D0C294CAC1200496E3C /* Resources */ = {
			isa = PBXResourcesBuildPhase;
			buildActionMask = 2147483647;
			files = (
				DC8D00532950CCA200101882 /* Auth.storyboard in Resources */,
				DC2A1D21294CAC1400496E3C /* LaunchScreen.storyboard in Resources */,
				DC2A1D1E294CAC1400496E3C /* Assets.xcassets in Resources */,
				DC2A1D19294CAC1200496E3C /* Main.storyboard in Resources */,
			);
			runOnlyForDeploymentPostprocessing = 0;
		};
/* End PBXResourcesBuildPhase section */

/* Begin PBXSourcesBuildPhase section */
		DC2A1D0A294CAC1200496E3C /* Sources */ = {
			isa = PBXSourcesBuildPhase;
			buildActionMask = 2147483647;
			files = (
				DC2A1D16294CAC1200496E3C /* ViewController.swift in Sources */,
				DC2A1D12294CAC1200496E3C /* AppDelegate.swift in Sources */,
				DC2A1D1C294CAC1200496E3C /* PodcastApp.xcdatamodeld in Sources */,
				DCBBD7DD294CAE97006B435D /* LoginViewController.swift in Sources */,
				DC2A1D14294CAC1200496E3C /* SceneDelegate.swift in Sources */,
			);
			runOnlyForDeploymentPostprocessing = 0;
		};
/* End PBXSourcesBuildPhase section */

/* Begin PBXVariantGroup section */
		DC2A1D17294CAC1200496E3C /* Main.storyboard */ = {
			isa = PBXVariantGroup;
			children = (
				DC2A1D18294CAC1200496E3C /* Base */,
			);
			name = Main.storyboard;
			sourceTree = "<group>";
		};
		DC2A1D1F294CAC1400496E3C /* LaunchScreen.storyboard */ = {
			isa = PBXVariantGroup;
			children = (
				DC2A1D20294CAC1400496E3C /* Base */,
			);
			name = LaunchScreen.storyboard;
			sourceTree = "<group>";
		};
/* End PBXVariantGroup section */

/* Begin XCBuildConfiguration section */
		DC2A1D23294CAC1400496E3C /* Debug */ = {
			isa = XCBuildConfiguration;
			buildSettings = {
				ALWAYS_SEARCH_USER_PATHS = NO;
				CLANG_ANALYZER_NONNULL = YES;
				CLANG_ANALYZER_NUMBER_OBJECT_CONVERSION = YES_AGGRESSIVE;
				CLANG_CXX_LANGUAGE_STANDARD = "gnu++20";
				CLANG_ENABLE_MODULES = YES;
				CLANG_ENABLE_OBJC_ARC = YES;
				CLANG_ENABLE_OBJC_WEAK = YES;
				CLANG_WARN_BLOCK_CAPTURE_AUTORELEASING = YES;
				CLANG_WARN_BOOL_CONVERSION = YES;
				CLANG_WARN_COMMA = YES;
				CLANG_WARN_CONSTANT_CONVERSION = YES;
				CLANG_WARN_DEPRECATED_OBJC_IMPLEMENTATIONS = YES;
				CLANG_WARN_DIRECT_OBJC_ISA_USAGE = YES_ERROR;
				CLANG_WARN_DOCUMENTATION_COMMENTS = YES;
				CLANG_WARN_EMPTY_BODY = YES;
				CLANG_WARN_ENUM_CONVERSION = YES;
				CLANG_WARN_INFINITE_RECURSION = YES;
				CLANG_WARN_INT_CONVERSION = YES;
				CLANG_WARN_NON_LITERAL_NULL_CONVERSION = YES;
				CLANG_WARN_OBJC_IMPLICIT_RETAIN_SELF = YES;
				CLANG_WARN_OBJC_LITERAL_CONVERSION = YES;
				CLANG_WARN_OBJC_ROOT_CLASS = YES_ERROR;
				CLANG_WARN_QUOTED_INCLUDE_IN_FRAMEWORK_HEADER = YES;
				CLANG_WARN_RANGE_LOOP_ANALYSIS = YES;
				CLANG_WARN_STRICT_PROTOTYPES = YES;
				CLANG_WARN_SUSPICIOUS_MOVE = YES;
				CLANG_WARN_UNGUARDED_AVAILABILITY = YES_AGGRESSIVE;
				CLANG_WARN_UNREACHABLE_CODE = YES;
				CLANG_WARN__DUPLICATE_METHOD_MATCH = YES;
				COPY_PHASE_STRIP = NO;
				DEBUG_INFORMATION_FORMAT = dwarf;
				ENABLE_STRICT_OBJC_MSGSEND = YES;
				ENABLE_TESTABILITY = YES;
				GCC_C_LANGUAGE_STANDARD = gnu11;
				GCC_DYNAMIC_NO_PIC = NO;
				GCC_NO_COMMON_BLOCKS = YES;
				GCC_OPTIMIZATION_LEVEL = 0;
				GCC_PREPROCESSOR_DEFINITIONS = (
					"DEBUG=1",
					"$(inherited)",
				);
				GCC_WARN_64_TO_32_BIT_CONVERSION = YES;
				GCC_WARN_ABOUT_RETURN_TYPE = YES_ERROR;
				GCC_WARN_UNDECLARED_SELECTOR = YES;
				GCC_WARN_UNINITIALIZED_AUTOS = YES_AGGRESSIVE;
				GCC_WARN_UNUSED_FUNCTION = YES;
				GCC_WARN_UNUSED_VARIABLE = YES;
				IPHONEOS_DEPLOYMENT_TARGET = 16.2;
				MTL_ENABLE_DEBUG_INFO = INCLUDE_SOURCE;
				MTL_FAST_MATH = YES;
				ONLY_ACTIVE_ARCH = YES;
				SDKROOT = iphoneos;
				SWIFT_ACTIVE_COMPILATION_CONDITIONS = DEBUG;
				SWIFT_OPTIMIZATION_LEVEL = "-Onone";
			};
			name = Debug;
		};
		DC2A1D24294CAC1400496E3C /* Release */ = {
			isa = XCBuildConfiguration;
			buildSettings = {
				ALWAYS_SEARCH_USER_PATHS = NO;
				CLANG_ANALYZER_NONNULL = YES;
				CLANG_ANALYZER_NUMBER_OBJECT_CONVERSION = YES_AGGRESSIVE;
				CLANG_CXX_LANGUAGE_STANDARD = "gnu++20";
				CLANG_ENABLE_MODULES = YES;
				CLANG_ENABLE_OBJC_ARC = YES;
				CLANG_ENABLE_OBJC_WEAK = YES;
				CLANG_WARN_BLOCK_CAPTURE_AUTORELEASING = YES;
				CLANG_WARN_BOOL_CONVERSION = YES;
				CLANG_WARN_COMMA = YES;
				CLANG_WARN_CONSTANT_CONVERSION = YES;
				CLANG_WARN_DEPRECATED_OBJC_IMPLEMENTATIONS = YES;
				CLANG_WARN_DIRECT_OBJC_ISA_USAGE = YES_ERROR;
				CLANG_WARN_DOCUMENTATION_COMMENTS = YES;
				CLANG_WARN_EMPTY_BODY = YES;
				CLANG_WARN_ENUM_CONVERSION = YES;
				CLANG_WARN_INFINITE_RECURSION = YES;
				CLANG_WARN_INT_CONVERSION = YES;
				CLANG_WARN_NON_LITERAL_NULL_CONVERSION = YES;
				CLANG_WARN_OBJC_IMPLICIT_RETAIN_SELF = YES;
				CLANG_WARN_OBJC_LITERAL_CONVERSION = YES;
				CLANG_WARN_OBJC_ROOT_CLASS = YES_ERROR;
				CLANG_WARN_QUOTED_INCLUDE_IN_FRAMEWORK_HEADER = YES;
				CLANG_WARN_RANGE_LOOP_ANALYSIS = YES;
				CLANG_WARN_STRICT_PROTOTYPES = YES;
				CLANG_WARN_SUSPICIOUS_MOVE = YES;
				CLANG_WARN_UNGUARDED_AVAILABILITY = YES_AGGRESSIVE;
				CLANG_WARN_UNREACHABLE_CODE = YES;
				CLANG_WARN__DUPLICATE_METHOD_MATCH = YES;
				COPY_PHASE_STRIP = NO;
				DEBUG_INFORMATION_FORMAT = "dwarf-with-dsym";
				ENABLE_NS_ASSERTIONS = NO;
				ENABLE_STRICT_OBJC_MSGSEND = YES;
				GCC_C_LANGUAGE_STANDARD = gnu11;
				GCC_NO_COMMON_BLOCKS = YES;
				GCC_WARN_64_TO_32_BIT_CONVERSION = YES;
				GCC_WARN_ABOUT_RETURN_TYPE = YES_ERROR;
				GCC_WARN_UNDECLARED_SELECTOR = YES;
				GCC_WARN_UNINITIALIZED_AUTOS = YES_AGGRESSIVE;
				GCC_WARN_UNUSED_FUNCTION = YES;
				GCC_WARN_UNUSED_VARIABLE = YES;
				IPHONEOS_DEPLOYMENT_TARGET = 16.2;
				MTL_ENABLE_DEBUG_INFO = NO;
				MTL_FAST_MATH = YES;
				SDKROOT = iphoneos;
				SWIFT_COMPILATION_MODE = wholemodule;
				SWIFT_OPTIMIZATION_LEVEL = "-O";
				VALIDATE_PRODUCT = YES;
			};
			name = Release;
		};
		DC2A1D26294CAC1400496E3C /* Debug */ = {
			isa = XCBuildConfiguration;
			buildSettings = {
				ASSETCATALOG_COMPILER_APPICON_NAME = AppIcon;
				ASSETCATALOG_COMPILER_GLOBAL_ACCENT_COLOR_NAME = AccentColor;
				CODE_SIGN_STYLE = Automatic;
				CURRENT_PROJECT_VERSION = 1;
				DEVELOPMENT_TEAM = 6TJ4SDVJ66;
				GENERATE_INFOPLIST_FILE = YES;
				INFOPLIST_FILE = PodcastApp/Info.plist;
				INFOPLIST_KEY_UIApplicationSupportsIndirectInputEvents = YES;
				INFOPLIST_KEY_UILaunchStoryboardName = LaunchScreen;
				INFOPLIST_KEY_UIMainStoryboardFile = Main;
				INFOPLIST_KEY_UISupportedInterfaceOrientations_iPad = "UIInterfaceOrientationPortrait UIInterfaceOrientationPortraitUpsideDown UIInterfaceOrientationLandscapeLeft UIInterfaceOrientationLandscapeRight";
				INFOPLIST_KEY_UISupportedInterfaceOrientations_iPhone = "UIInterfaceOrientationPortrait UIInterfaceOrientationLandscapeLeft UIInterfaceOrientationLandscapeRight";
				LD_RUNPATH_SEARCH_PATHS = (
					"$(inherited)",
					"@executable_path/Frameworks",
				);
				MARKETING_VERSION = 1.0;
				PRODUCT_BUNDLE_IDENTIFIER = jafar.PodcastApp;
				PRODUCT_NAME = "$(TARGET_NAME)";
				SWIFT_EMIT_LOC_STRINGS = YES;
				SWIFT_VERSION = 5.0;
				TARGETED_DEVICE_FAMILY = "1,2";
			};
			name = Debug;
		};
		DC2A1D27294CAC1400496E3C /* Release */ = {
			isa = XCBuildConfiguration;
			buildSettings = {
				ASSETCATALOG_COMPILER_APPICON_NAME = AppIcon;
				ASSETCATALOG_COMPILER_GLOBAL_ACCENT_COLOR_NAME = AccentColor;
				CODE_SIGN_STYLE = Automatic;
				CURRENT_PROJECT_VERSION = 1;
				DEVELOPMENT_TEAM = 6TJ4SDVJ66;
				GENERATE_INFOPLIST_FILE = YES;
				INFOPLIST_FILE = PodcastApp/Info.plist;
				INFOPLIST_KEY_UIApplicationSupportsIndirectInputEvents = YES;
				INFOPLIST_KEY_UILaunchStoryboardName = LaunchScreen;
				INFOPLIST_KEY_UIMainStoryboardFile = Main;
				INFOPLIST_KEY_UISupportedInterfaceOrientations_iPad = "UIInterfaceOrientationPortrait UIInterfaceOrientationPortraitUpsideDown UIInterfaceOrientationLandscapeLeft UIInterfaceOrientationLandscapeRight";
				INFOPLIST_KEY_UISupportedInterfaceOrientations_iPhone = "UIInterfaceOrientationPortrait UIInterfaceOrientationLandscapeLeft UIInterfaceOrientationLandscapeRight";
				LD_RUNPATH_SEARCH_PATHS = (
					"$(inherited)",
					"@executable_path/Frameworks",
				);
				MARKETING_VERSION = 1.0;
				PRODUCT_BUNDLE_IDENTIFIER = jafar.PodcastApp;
				PRODUCT_NAME = "$(TARGET_NAME)";
				SWIFT_EMIT_LOC_STRINGS = YES;
				SWIFT_VERSION = 5.0;
				TARGETED_DEVICE_FAMILY = "1,2";
			};
			name = Release;
		};
/* End XCBuildConfiguration section */

/* Begin XCConfigurationList section */
		DC2A1D09294CAC1200496E3C /* Build configuration list for PBXProject "PodcastApp" */ = {
			isa = XCConfigurationList;
			buildConfigurations = (
				DC2A1D23294CAC1400496E3C /* Debug */,
				DC2A1D24294CAC1400496E3C /* Release */,
			);
			defaultConfigurationIsVisible = 0;
			defaultConfigurationName = Release;
		};
		DC2A1D25294CAC1400496E3C /* Build configuration list for PBXNativeTarget "PodcastApp" */ = {
			isa = XCConfigurationList;
			buildConfigurations = (
				DC2A1D26294CAC1400496E3C /* Debug */,
				DC2A1D27294CAC1400496E3C /* Release */,
			);
			defaultConfigurationIsVisible = 0;
			defaultConfigurationName = Release;
		};
/* End XCConfigurationList section */

/* Begin XCVersionGroup section */
		DC2A1D1A294CAC1200496E3C /* PodcastApp.xcdatamodeld */ = {
			isa = XCVersionGroup;
			children = (
				DC2A1D1B294CAC1200496E3C /* PodcastApp.xcdatamodel */,
			);
			currentVersion = DC2A1D1B294CAC1200496E3C /* PodcastApp.xcdatamodel */;
			path = PodcastApp.xcdatamodeld;
			sourceTree = "<group>";
			versionGroupType = wrapper.xcdatamodel;
		};
/* End XCVersionGroup section */
	};
	rootObject = DC2A1D06294CAC1200496E3C /* Project object */;
}
